
Microsoft Visual Studio Solution File, Format Version 12.00
# Visual Studio 15
VisualStudioVersion = 15.0.27703.2035
MinimumVisualStudioVersion = 10.0.40219.1
Project("{FAE04EC0-301F-11D3-BF4B-00C04F79EFBC}") = "CabinetDataStore.Main", "CabinetDataStore.Main\CabinetDataStore.Main.csproj", "{5C790D29-57C6-41EA-AB4A-37933E15E7D6}"
EndProject
Project("{FAE04EC0-301F-11D3-BF4B-00C04F79EFBC}") = "CabinetDataStore.Business", "CabinetDataStore.BusinessService\CabinetDataStore.Business.csproj", "{C83DFBE9-DF47-4C71-A192-8F0DB7C0AEDE}"
EndProject
Project("{FAE04EC0-301F-11D3-BF4B-00C04F79EFBC}") = "CabinetDataStore.BusinessService", "CabinetDataStore.Business\CabinetDataStore.BusinessService.csproj", "{7FFDC463-04A9-48D1-969C-996ED48092B1}"
EndProject
Global
	GlobalSection(SolutionConfigurationPlatforms) = preSolution
		Debug|Any CPU = Debug|Any CPU
		Release|Any CPU = Release|Any CPU
	EndGlobalSection
	GlobalSection(ProjectConfigurationPlatforms) = postSolution
		{5C790D29-57C6-41EA-AB4A-37933E15E7D6}.Debug|Any CPU.ActiveCfg = Debug|Any CPU
		{5C790D29-57C6-41EA-AB4A-37933E15E7D6}.Debug|Any CPU.Build.0 = Debug|Any CPU
		{5C790D29-57C6-41EA-AB4A-37933E15E7D6}.Release|Any CPU.ActiveCfg = Release|Any CPU
		{5C790D29-57C6-41EA-AB4A-37933E15E7D6}.Release|Any CPU.Build.0 = Release|Any CPU
		{C83DFBE9-DF47-4C71-A192-8F0DB7C0AEDE}.Debug|Any CPU.ActiveCfg = Debug|Any CPU
		{C83DFBE9-DF47-4C71-A192-8F0DB7C0AEDE}.Debug|Any CPU.Build.0 = Debug|Any CPU
		{C83DFBE9-DF47-4C71-A192-8F0DB7C0AEDE}.Release|Any CPU.ActiveCfg = Release|Any CPU
		{C83DFBE9-DF47-4C71-A192-8F0DB7C0AEDE}.Release|Any CPU.Build.0 = Release|Any CPU
		{7FFDC463-04A9-48D1-969C-996ED48092B1}.Debug|Any CPU.ActiveCfg = Debug|Any CPU
		{7FFDC463-04A9-48D1-969C-996ED48092B1}.Debug|Any CPU.Build.0 = Debug|Any CPU
		{7FFDC463-04A9-48D1-969C-996ED48092B1}.Release|Any CPU.ActiveCfg = Release|Any CPU
		{7FFDC463-04A9-48D1-969C-996ED48092B1}.Release|Any CPU.Build.0 = Release|Any CPU
	EndGlobalSection
	GlobalSection(SolutionProperties) = preSolution
		HideSolutionNode = FALSE
	EndGlobalSection
	GlobalSection(ExtensibilityGlobals) = postSolution
		SolutionGuid = {4A63E699-D5AF-4934-9B9E-8A3880800DEF}
	EndGlobalSection
EndGlobal
